
Microsoft Visual Studio Solution File, Format Version 12.00
# Visual Studio 14
VisualStudioVersion = 14.0.25420.1
MinimumVisualStudioVersion = 10.0.40219.1
Project("{2150E333-8FDC-42A3-9474-1A3956D46DE8}") = "src", "src", "{AF6534E5-D584-4872-B19F-9CF674418BD3}"
EndProject
Project("{2150E333-8FDC-42A3-9474-1A3956D46DE8}") = "Solution Items", "Solution Items", "{9E1B1086-0386-4C80-8910-656F701F272A}"
	ProjectSection(SolutionItems) = preProject
		global.json = global.json
	EndProjectSection
EndProject
Project("{8BB2217D-0F2D-49D1-97BC-3654ED321F3B}") = "DoStuffWebAPI", "src\DoStuffWebAPI\DoStuffWebAPI.xproj", "{4C81CA87-7F3A-4652-9938-FF68F3C9FA96}"
EndProject
Global
	GlobalSection(SolutionConfigurationPlatforms) = preSolution
		Debug|Any CPU = Debug|Any CPU
		Release|Any CPU = Release|Any CPU
	EndGlobalSection
	GlobalSection(ProjectConfigurationPlatforms) = postSolution
		{4C81CA87-7F3A-4652-9938-FF68F3C9FA96}.Debug|Any CPU.ActiveCfg = Debug|Any CPU
		{4C81CA87-7F3A-4652-9938-FF68F3C9FA96}.Debug|Any CPU.Build.0 = Debug|Any CPU
		{4C81CA87-7F3A-4652-9938-FF68F3C9FA96}.Release|Any CPU.ActiveCfg = Release|Any CPU
		{4C81CA87-7F3A-4652-9938-FF68F3C9FA96}.Release|Any CPU.Build.0 = Release|Any CPU
	EndGlobalSection
	GlobalSection(SolutionProperties) = preSolution
		HideSolutionNode = FALSE
	EndGlobalSection
	GlobalSection(NestedProjects) = preSolution
		{4C81CA87-7F3A-4652-9938-FF68F3C9FA96} = {AF6534E5-D584-4872-B19F-9CF674418BD3}
	EndGlobalSection
EndGlobal
